
Microsoft Visual Studio Solution File, Format Version 12.00
# Visual Studio Version 17
VisualStudioVersion = 17.14.36202.13 d17.14
MinimumVisualStudioVersion = 10.0.40219.1
Project("{FAE04EC0-301F-11D3-BF4B-00C04F79EFBC}") = "ConsoleApp17", "ConsoleApp17.csproj", "{99093E8E-D218-44A1-9220-0C60DB758ABD}"
EndProject
Global
	GlobalSection(SolutionConfigurationPlatforms) = preSolution
		Debug|Any CPU = Debug|Any CPU
		Release|Any CPU = Release|Any CPU
	EndGlobalSection
	GlobalSection(ProjectConfigurationPlatforms) = postSolution
		{99093E8E-D218-44A1-9220-0C60DB758ABD}.Debug|Any CPU.ActiveCfg = Debug|Any CPU
		{99093E8E-D218-44A1-9220-0C60DB758ABD}.Debug|Any CPU.Build.0 = Debug|Any CPU
		{99093E8E-D218-44A1-9220-0C60DB758ABD}.Release|Any CPU.ActiveCfg = Release|Any CPU
		{99093E8E-D218-44A1-9220-0C60DB758ABD}.Release|Any CPU.Build.0 = Release|Any CPU
	EndGlobalSection
	GlobalSection(SolutionProperties) = preSolution
		HideSolutionNode = FALSE
	EndGlobalSection
	GlobalSection(ExtensibilityGlobals) = postSolution
		SolutionGuid = {7001DB1D-26DB-48B9-B81D-33941FF279A8}
	EndGlobalSection
EndGlobal
