
Microsoft Visual Studio Solution File, Format Version 12.00
# Visual Studio Version 17
VisualStudioVersion = 17.14.36202.13 d17.14
MinimumVisualStudioVersion = 10.0.40219.1
Project("{FAE04EC0-301F-11D3-BF4B-00C04F79EFBC}") = "ConsoleApp13", "ConsoleApp13.csproj", "{C3F3EFAC-3D4B-41F4-AB41-E6AAA6F2404E}"
EndProject
Global
	GlobalSection(SolutionConfigurationPlatforms) = preSolution
		Debug|Any CPU = Debug|Any CPU
		Release|Any CPU = Release|Any CPU
	EndGlobalSection
	GlobalSection(ProjectConfigurationPlatforms) = postSolution
		{C3F3EFAC-3D4B-41F4-AB41-E6AAA6F2404E}.Debug|Any CPU.ActiveCfg = Debug|Any CPU
		{C3F3EFAC-3D4B-41F4-AB41-E6AAA6F2404E}.Debug|Any CPU.Build.0 = Debug|Any CPU
		{C3F3EFAC-3D4B-41F4-AB41-E6AAA6F2404E}.Release|Any CPU.ActiveCfg = Release|Any CPU
		{C3F3EFAC-3D4B-41F4-AB41-E6AAA6F2404E}.Release|Any CPU.Build.0 = Release|Any CPU
	EndGlobalSection
	GlobalSection(SolutionProperties) = preSolution
		HideSolutionNode = FALSE
	EndGlobalSection
	GlobalSection(ExtensibilityGlobals) = postSolution
		SolutionGuid = {2B8E4BEF-F163-42BE-9242-756CC1ED5050}
	EndGlobalSection
EndGlobal
