
Microsoft Visual Studio Solution File, Format Version 12.00
# Visual Studio Version 17
VisualStudioVersion = 17.14.36202.13 d17.14
MinimumVisualStudioVersion = 10.0.40219.1
Project("{FAE04EC0-301F-11D3-BF4B-00C04F79EFBC}") = "ConsoleApp29", "ConsoleApp29.csproj", "{749644AC-1F12-4545-B9DE-302C3C8F70FB}"
EndProject
Global
	GlobalSection(SolutionConfigurationPlatforms) = preSolution
		Debug|Any CPU = Debug|Any CPU
		Release|Any CPU = Release|Any CPU
	EndGlobalSection
	GlobalSection(ProjectConfigurationPlatforms) = postSolution
		{749644AC-1F12-4545-B9DE-302C3C8F70FB}.Debug|Any CPU.ActiveCfg = Debug|Any CPU
		{749644AC-1F12-4545-B9DE-302C3C8F70FB}.Debug|Any CPU.Build.0 = Debug|Any CPU
		{749644AC-1F12-4545-B9DE-302C3C8F70FB}.Release|Any CPU.ActiveCfg = Release|Any CPU
		{749644AC-1F12-4545-B9DE-302C3C8F70FB}.Release|Any CPU.Build.0 = Release|Any CPU
	EndGlobalSection
	GlobalSection(SolutionProperties) = preSolution
		HideSolutionNode = FALSE
	EndGlobalSection
	GlobalSection(ExtensibilityGlobals) = postSolution
		SolutionGuid = {EEEEFEB5-2DD2-47E3-BEF6-B3E0A425F625}
	EndGlobalSection
EndGlobal
