
Microsoft Visual Studio Solution File, Format Version 12.00
# Visual Studio Version 17
VisualStudioVersion = 17.14.36202.13 d17.14
MinimumVisualStudioVersion = 10.0.40219.1
Project("{FAE04EC0-301F-11D3-BF4B-00C04F79EFBC}") = "ConsoleApp32", "ConsoleApp32.csproj", "{865B65E6-A49D-4126-B4A2-30CAD14AAD63}"
EndProject
Global
	GlobalSection(SolutionConfigurationPlatforms) = preSolution
		Debug|Any CPU = Debug|Any CPU
		Release|Any CPU = Release|Any CPU
	EndGlobalSection
	GlobalSection(ProjectConfigurationPlatforms) = postSolution
		{865B65E6-A49D-4126-B4A2-30CAD14AAD63}.Debug|Any CPU.ActiveCfg = Debug|Any CPU
		{865B65E6-A49D-4126-B4A2-30CAD14AAD63}.Debug|Any CPU.Build.0 = Debug|Any CPU
		{865B65E6-A49D-4126-B4A2-30CAD14AAD63}.Release|Any CPU.ActiveCfg = Release|Any CPU
		{865B65E6-A49D-4126-B4A2-30CAD14AAD63}.Release|Any CPU.Build.0 = Release|Any CPU
	EndGlobalSection
	GlobalSection(SolutionProperties) = preSolution
		HideSolutionNode = FALSE
	EndGlobalSection
	GlobalSection(ExtensibilityGlobals) = postSolution
		SolutionGuid = {5ADA514D-19BC-4EDB-AD97-D0D92EA3C443}
	EndGlobalSection
EndGlobal
